// !$*UTF8*$!
{
	archiveVersion = 1;
	classes = {
	};
	objectVersion = 55;
	objects = {

/* Begin PBXBuildFile section */
		8F7D4A2027D137BD00198851 /* CommerceViewController.swift in Sources */ = {isa = PBXBuildFile; fileRef = 8F7D4A1F27D137BD00198851 /* CommerceViewController.swift */; };
		8F7D4A2227D137C900198851 /* CommercePresenter.swift in Sources */ = {isa = PBXBuildFile; fileRef = 8F7D4A2127D137C900198851 /* CommercePresenter.swift */; };
		8F7D4A2527D1386100198851 /* GallerySection.swift in Sources */ = {isa = PBXBuildFile; fileRef = 8F7D4A2427D1386100198851 /* GallerySection.swift */; };
		8F7D4A2727D13AED00198851 /* GallerySectionView.swift in Sources */ = {isa = PBXBuildFile; fileRef = 8F7D4A2627D13AED00198851 /* GallerySectionView.swift */; };
		8F7D4A2A27D1449900198851 /* ShortDescriptionSection.swift in Sources */ = {isa = PBXBuildFile; fileRef = 8F7D4A2927D1449900198851 /* ShortDescriptionSection.swift */; };
		8F7D4A2C27D1449E00198851 /* ShortDescriptionSectionView.swift in Sources */ = {isa = PBXBuildFile; fileRef = 8F7D4A2B27D1449E00198851 /* ShortDescriptionSectionView.swift */; };
		8F7D4A2F27D15E4D00198851 /* MainActionsSection.swift in Sources */ = {isa = PBXBuildFile; fileRef = 8F7D4A2E27D15E4D00198851 /* MainActionsSection.swift */; };
		8F7D4A3127D15E5900198851 /* MainActionsSectionView.swift in Sources */ = {isa = PBXBuildFile; fileRef = 8F7D4A3027D15E5900198851 /* MainActionsSectionView.swift */; };
		8F7D4A3427D168C500198851 /* DescriptionBulletSection.swift in Sources */ = {isa = PBXBuildFile; fileRef = 8F7D4A3327D168C500198851 /* DescriptionBulletSection.swift */; };
		8F7D4A3627D168CE00198851 /* DescriptionBulletSectionView.swift in Sources */ = {isa = PBXBuildFile; fileRef = 8F7D4A3527D168CE00198851 /* DescriptionBulletSectionView.swift */; };
		8F7D4A3A27D2604100198851 /* RecommendationsSectionView.swift in Sources */ = {isa = PBXBuildFile; fileRef = 8F7D4A3927D2604100198851 /* RecommendationsSectionView.swift */; };
		8F7D4A3C27D2604900198851 /* RecommendationsSection.swift in Sources */ = {isa = PBXBuildFile; fileRef = 8F7D4A3B27D2604900198851 /* RecommendationsSection.swift */; };
		8F7D4A3E27D2606100198851 /* RecommendationCell.swift in Sources */ = {isa = PBXBuildFile; fileRef = 8F7D4A3D27D2606100198851 /* RecommendationCell.swift */; };
		8F7D4A4027D26A3400198851 /* CommerceRepository.swift in Sources */ = {isa = PBXBuildFile; fileRef = 8F7D4A3F27D26A3400198851 /* CommerceRepository.swift */; };
		8F7D4A4327D286E100198851 /* UIFont+Extensions.swift in Sources */ = {isa = PBXBuildFile; fileRef = 8F7D4A4227D286E100198851 /* UIFont+Extensions.swift */; };
		8F7D4A4A27D28C6200198851 /* TenorSans-Regular.ttf in Resources */ = {isa = PBXBuildFile; fileRef = 8F7D4A4927D28C3D00198851 /* TenorSans-Regular.ttf */; };
		8F7D4A4C27D28DEC00198851 /* UIColor+Extensions.swift in Sources */ = {isa = PBXBuildFile; fileRef = 8F7D4A4B27D28DEC00198851 /* UIColor+Extensions.swift */; };
		8F7D4A5427D6279E00198851 /* VerticalGallerySection.swift in Sources */ = {isa = PBXBuildFile; fileRef = 8F7D4A5327D6279E00198851 /* VerticalGallerySection.swift */; };
		8F7D4A5627D627A400198851 /* VerticalGallerySectionView.swift in Sources */ = {isa = PBXBuildFile; fileRef = 8F7D4A5527D627A400198851 /* VerticalGallerySectionView.swift */; };
		8F7D4A5827D652F300198851 /* Double+Extension.swift in Sources */ = {isa = PBXBuildFile; fileRef = 8F7D4A5727D652F300198851 /* Double+Extension.swift */; };
		8FF0AEAF27BEEDE7003DAB1B /* AppDelegate.swift in Sources */ = {isa = PBXBuildFile; fileRef = 8FF0AEAE27BEEDE7003DAB1B /* AppDelegate.swift */; };
		8FF0AEB127BEEDE7003DAB1B /* SceneDelegate.swift in Sources */ = {isa = PBXBuildFile; fileRef = 8FF0AEB027BEEDE7003DAB1B /* SceneDelegate.swift */; };
		8FF0AEB327BEEDE7003DAB1B /* BasicExampleViewController.swift in Sources */ = {isa = PBXBuildFile; fileRef = 8FF0AEB227BEEDE7003DAB1B /* BasicExampleViewController.swift */; };
		8FF0AEB627BEEDE7003DAB1B /* Main.storyboard in Resources */ = {isa = PBXBuildFile; fileRef = 8FF0AEB427BEEDE7003DAB1B /* Main.storyboard */; };
		8FF0AEB827BEEDE8003DAB1B /* Assets.xcassets in Resources */ = {isa = PBXBuildFile; fileRef = 8FF0AEB727BEEDE8003DAB1B /* Assets.xcassets */; };
		8FF0AEE927BF03E7003DAB1B /* ExampleSectionView.swift in Sources */ = {isa = PBXBuildFile; fileRef = 8FF0AEE827BF03E7003DAB1B /* ExampleSectionView.swift */; };
		8FF0AEF227BF14AA003DAB1B /* ExampleSection.swift in Sources */ = {isa = PBXBuildFile; fileRef = 8FF0AEF127BF14AA003DAB1B /* ExampleSection.swift */; };
		8FF2806A27CFBEF200A8EA4B /* JKListKit in Frameworks */ = {isa = PBXBuildFile; productRef = 8FF2806927CFBEF200A8EA4B /* JKListKit */; };
		8FF2806F27CFCE6000A8EA4B /* CasesViewController.swift in Sources */ = {isa = PBXBuildFile; fileRef = 8FF2806E27CFCE6000A8EA4B /* CasesViewController.swift */; };
		8FF2807127CFCFBE00A8EA4B /* Example.swift in Sources */ = {isa = PBXBuildFile; fileRef = 8FF2807027CFCFBE00A8EA4B /* Example.swift */; };
		8FF2807327CFCFD500A8EA4B /* ExampleFactory.swift in Sources */ = {isa = PBXBuildFile; fileRef = 8FF2807227CFCFD500A8EA4B /* ExampleFactory.swift */; };
		8FFA17E227C4E97500210D5D /* SectionConstants.swift in Sources */ = {isa = PBXBuildFile; fileRef = 8FFA17E127C4E97500210D5D /* SectionConstants.swift */; };
		8FFA17E827C4F76600210D5D /* BasicExamplePresenter.swift in Sources */ = {isa = PBXBuildFile; fileRef = 8FFA17E727C4F76600210D5D /* BasicExamplePresenter.swift */; };
/* End PBXBuildFile section */

/* Begin PBXContainerItemProxy section */
		8FF0AEC227BEEDE8003DAB1B /* PBXContainerItemProxy */ = {
			isa = PBXContainerItemProxy;
			containerPortal = 8FF0AEA327BEEDE7003DAB1B /* Project object */;
			proxyType = 1;
			remoteGlobalIDString = 8FF0AEAA27BEEDE7003DAB1B;
			remoteInfo = JKListKit;
		};
		8FF0AECC27BEEDE8003DAB1B /* PBXContainerItemProxy */ = {
			isa = PBXContainerItemProxy;
			containerPortal = 8FF0AEA327BEEDE7003DAB1B /* Project object */;
			proxyType = 1;
			remoteGlobalIDString = 8FF0AEAA27BEEDE7003DAB1B;
			remoteInfo = JKListKit;
		};
		8FF2805627CFBAA600A8EA4B /* PBXContainerItemProxy */ = {
			isa = PBXContainerItemProxy;
			containerPortal = 8FF0AEA327BEEDE7003DAB1B /* Project object */;
			proxyType = 1;
			remoteGlobalIDString = 8FF0AEAA27BEEDE7003DAB1B;
			remoteInfo = JKListKitExampleApp;
		};
/* End PBXContainerItemProxy section */

/* Begin PBXFileReference section */
		8F7D4A1F27D137BD00198851 /* CommerceViewController.swift */ = {isa = PBXFileReference; lastKnownFileType = sourcecode.swift; path = CommerceViewController.swift; sourceTree = "<group>"; };
		8F7D4A2127D137C900198851 /* CommercePresenter.swift */ = {isa = PBXFileReference; lastKnownFileType = sourcecode.swift; path = CommercePresenter.swift; sourceTree = "<group>"; };
		8F7D4A2427D1386100198851 /* GallerySection.swift */ = {isa = PBXFileReference; lastKnownFileType = sourcecode.swift; path = GallerySection.swift; sourceTree = "<group>"; };
		8F7D4A2627D13AED00198851 /* GallerySectionView.swift */ = {isa = PBXFileReference; lastKnownFileType = sourcecode.swift; path = GallerySectionView.swift; sourceTree = "<group>"; };
		8F7D4A2927D1449900198851 /* ShortDescriptionSection.swift */ = {isa = PBXFileReference; lastKnownFileType = sourcecode.swift; path = ShortDescriptionSection.swift; sourceTree = "<group>"; };
		8F7D4A2B27D1449E00198851 /* ShortDescriptionSectionView.swift */ = {isa = PBXFileReference; lastKnownFileType = sourcecode.swift; path = ShortDescriptionSectionView.swift; sourceTree = "<group>"; };
		8F7D4A2E27D15E4D00198851 /* MainActionsSection.swift */ = {isa = PBXFileReference; lastKnownFileType = sourcecode.swift; path = MainActionsSection.swift; sourceTree = "<group>"; };
		8F7D4A3027D15E5900198851 /* MainActionsSectionView.swift */ = {isa = PBXFileReference; lastKnownFileType = sourcecode.swift; path = MainActionsSectionView.swift; sourceTree = "<group>"; };
		8F7D4A3327D168C500198851 /* DescriptionBulletSection.swift */ = {isa = PBXFileReference; lastKnownFileType = sourcecode.swift; path = DescriptionBulletSection.swift; sourceTree = "<group>"; };
		8F7D4A3527D168CE00198851 /* DescriptionBulletSectionView.swift */ = {isa = PBXFileReference; lastKnownFileType = sourcecode.swift; path = DescriptionBulletSectionView.swift; sourceTree = "<group>"; };
		8F7D4A3927D2604100198851 /* RecommendationsSectionView.swift */ = {isa = PBXFileReference; lastKnownFileType = sourcecode.swift; path = RecommendationsSectionView.swift; sourceTree = "<group>"; };
		8F7D4A3B27D2604900198851 /* RecommendationsSection.swift */ = {isa = PBXFileReference; lastKnownFileType = sourcecode.swift; path = RecommendationsSection.swift; sourceTree = "<group>"; };
		8F7D4A3D27D2606100198851 /* RecommendationCell.swift */ = {isa = PBXFileReference; lastKnownFileType = sourcecode.swift; path = RecommendationCell.swift; sourceTree = "<group>"; };
		8F7D4A3F27D26A3400198851 /* CommerceRepository.swift */ = {isa = PBXFileReference; lastKnownFileType = sourcecode.swift; path = CommerceRepository.swift; sourceTree = "<group>"; };
		8F7D4A4227D286E100198851 /* UIFont+Extensions.swift */ = {isa = PBXFileReference; lastKnownFileType = sourcecode.swift; path = "UIFont+Extensions.swift"; sourceTree = "<group>"; };
		8F7D4A4927D28C3D00198851 /* TenorSans-Regular.ttf */ = {isa = PBXFileReference; lastKnownFileType = file; name = "TenorSans-Regular.ttf"; path = "JKListKitExampleApp/TenorSans-Regular.ttf"; sourceTree = SOURCE_ROOT; };
		8F7D4A4B27D28DEC00198851 /* UIColor+Extensions.swift */ = {isa = PBXFileReference; lastKnownFileType = sourcecode.swift; path = "UIColor+Extensions.swift"; sourceTree = "<group>"; };
		8F7D4A5327D6279E00198851 /* VerticalGallerySection.swift */ = {isa = PBXFileReference; lastKnownFileType = sourcecode.swift; path = VerticalGallerySection.swift; sourceTree = "<group>"; };
		8F7D4A5527D627A400198851 /* VerticalGallerySectionView.swift */ = {isa = PBXFileReference; lastKnownFileType = sourcecode.swift; path = VerticalGallerySectionView.swift; sourceTree = "<group>"; };
		8F7D4A5727D652F300198851 /* Double+Extension.swift */ = {isa = PBXFileReference; lastKnownFileType = sourcecode.swift; path = "Double+Extension.swift"; sourceTree = "<group>"; };
		8FF0AEAB27BEEDE7003DAB1B /* JKListKitExampleApp.app */ = {isa = PBXFileReference; explicitFileType = wrapper.application; includeInIndex = 0; path = JKListKitExampleApp.app; sourceTree = BUILT_PRODUCTS_DIR; };
		8FF0AEAE27BEEDE7003DAB1B /* AppDelegate.swift */ = {isa = PBXFileReference; lastKnownFileType = sourcecode.swift; path = AppDelegate.swift; sourceTree = "<group>"; };
		8FF0AEB027BEEDE7003DAB1B /* SceneDelegate.swift */ = {isa = PBXFileReference; lastKnownFileType = sourcecode.swift; path = SceneDelegate.swift; sourceTree = "<group>"; };
		8FF0AEB227BEEDE7003DAB1B /* BasicExampleViewController.swift */ = {isa = PBXFileReference; lastKnownFileType = sourcecode.swift; path = BasicExampleViewController.swift; sourceTree = "<group>"; };
		8FF0AEB527BEEDE7003DAB1B /* Base */ = {isa = PBXFileReference; lastKnownFileType = file.storyboard; name = Base; path = Base.lproj/Main.storyboard; sourceTree = "<group>"; };
		8FF0AEB727BEEDE8003DAB1B /* Assets.xcassets */ = {isa = PBXFileReference; lastKnownFileType = folder.assetcatalog; path = Assets.xcassets; sourceTree = "<group>"; };
		8FF0AEBC27BEEDE8003DAB1B /* Info.plist */ = {isa = PBXFileReference; lastKnownFileType = text.plist.xml; path = Info.plist; sourceTree = "<group>"; };
		8FF0AEC127BEEDE8003DAB1B /* JKListKitExampleAppTests.xctest */ = {isa = PBXFileReference; explicitFileType = wrapper.cfbundle; includeInIndex = 0; path = JKListKitExampleAppTests.xctest; sourceTree = BUILT_PRODUCTS_DIR; };
		8FF0AECB27BEEDE8003DAB1B /* JKListKitExampleAppUITests.xctest */ = {isa = PBXFileReference; explicitFileType = wrapper.cfbundle; includeInIndex = 0; path = JKListKitExampleAppUITests.xctest; sourceTree = BUILT_PRODUCTS_DIR; };
		8FF0AEE827BF03E7003DAB1B /* ExampleSectionView.swift */ = {isa = PBXFileReference; lastKnownFileType = sourcecode.swift; path = ExampleSectionView.swift; sourceTree = "<group>"; };
		8FF0AEF127BF14AA003DAB1B /* ExampleSection.swift */ = {isa = PBXFileReference; lastKnownFileType = sourcecode.swift; path = ExampleSection.swift; sourceTree = "<group>"; };
		8FF2805227CFBAA600A8EA4B /* JKListKitTests.xctest */ = {isa = PBXFileReference; explicitFileType = wrapper.cfbundle; includeInIndex = 0; path = JKListKitTests.xctest; sourceTree = BUILT_PRODUCTS_DIR; };
		8FF2806727CFBC4D00A8EA4B /* JKListKit */ = {isa = PBXFileReference; lastKnownFileType = wrapper; name = JKListKit; path = JKListKitTests/JKListKit; sourceTree = "<group>"; };
		8FF2806E27CFCE6000A8EA4B /* CasesViewController.swift */ = {isa = PBXFileReference; lastKnownFileType = sourcecode.swift; path = CasesViewController.swift; sourceTree = "<group>"; };
		8FF2807027CFCFBE00A8EA4B /* Example.swift */ = {isa = PBXFileReference; lastKnownFileType = sourcecode.swift; path = Example.swift; sourceTree = "<group>"; };
		8FF2807227CFCFD500A8EA4B /* ExampleFactory.swift */ = {isa = PBXFileReference; lastKnownFileType = sourcecode.swift; path = ExampleFactory.swift; sourceTree = "<group>"; };
		8FFA17E127C4E97500210D5D /* SectionConstants.swift */ = {isa = PBXFileReference; lastKnownFileType = sourcecode.swift; path = SectionConstants.swift; sourceTree = "<group>"; };
		8FFA17E727C4F76600210D5D /* BasicExamplePresenter.swift */ = {isa = PBXFileReference; lastKnownFileType = sourcecode.swift; path = BasicExamplePresenter.swift; sourceTree = "<group>"; };
/* End PBXFileReference section */

/* Begin PBXFrameworksBuildPhase section */
		8FF0AEA827BEEDE7003DAB1B /* Frameworks */ = {
			isa = PBXFrameworksBuildPhase;
			buildActionMask = 2147483647;
			files = (
				8FF2806A27CFBEF200A8EA4B /* JKListKit in Frameworks */,
			);
			runOnlyForDeploymentPostprocessing = 0;
		};
		8FF0AEBE27BEEDE8003DAB1B /* Frameworks */ = {
			isa = PBXFrameworksBuildPhase;
			buildActionMask = 2147483647;
			files = (
			);
			runOnlyForDeploymentPostprocessing = 0;
		};
		8FF0AEC827BEEDE8003DAB1B /* Frameworks */ = {
			isa = PBXFrameworksBuildPhase;
			buildActionMask = 2147483647;
			files = (
			);
			runOnlyForDeploymentPostprocessing = 0;
		};
		8FF2804F27CFBAA600A8EA4B /* Frameworks */ = {
			isa = PBXFrameworksBuildPhase;
			buildActionMask = 2147483647;
			files = (
			);
			runOnlyForDeploymentPostprocessing = 0;
		};
/* End PBXFrameworksBuildPhase section */

/* Begin PBXGroup section */
		8F7D4A1D27D11CED00198851 /* CommerceExample */ = {
			isa = PBXGroup;
			children = (
				8F7D4A1E27D137AA00198851 /* Sections */,
				8F7D4A1F27D137BD00198851 /* CommerceViewController.swift */,
				8F7D4A2127D137C900198851 /* CommercePresenter.swift */,
				8F7D4A3F27D26A3400198851 /* CommerceRepository.swift */,
			);
			path = CommerceExample;
			sourceTree = "<group>";
		};
		8F7D4A1E27D137AA00198851 /* Sections */ = {
			isa = PBXGroup;
			children = (
				8F7D4A5227D6279400198851 /* VerticalGallery */,
				8F7D4A3827D2603300198851 /* Recommendations */,
				8F7D4A3227D168A700198851 /* DescriptionBullet */,
				8F7D4A2D27D15E4400198851 /* MainActions */,
				8F7D4A2827D1448B00198851 /* ShortDescription */,
				8F7D4A2327D1385700198851 /* Gallery */,
			);
			path = Sections;
			sourceTree = "<group>";
		};
		8F7D4A2327D1385700198851 /* Gallery */ = {
			isa = PBXGroup;
			children = (
				8F7D4A2627D13AED00198851 /* GallerySectionView.swift */,
				8F7D4A2427D1386100198851 /* GallerySection.swift */,
			);
			path = Gallery;
			sourceTree = "<group>";
		};
		8F7D4A2827D1448B00198851 /* ShortDescription */ = {
			isa = PBXGroup;
			children = (
				8F7D4A2927D1449900198851 /* ShortDescriptionSection.swift */,
				8F7D4A2B27D1449E00198851 /* ShortDescriptionSectionView.swift */,
			);
			path = ShortDescription;
			sourceTree = "<group>";
		};
		8F7D4A2D27D15E4400198851 /* MainActions */ = {
			isa = PBXGroup;
			children = (
				8F7D4A2E27D15E4D00198851 /* MainActionsSection.swift */,
				8F7D4A3027D15E5900198851 /* MainActionsSectionView.swift */,
			);
			path = MainActions;
			sourceTree = "<group>";
		};
		8F7D4A3227D168A700198851 /* DescriptionBullet */ = {
			isa = PBXGroup;
			children = (
				8F7D4A3327D168C500198851 /* DescriptionBulletSection.swift */,
				8F7D4A3527D168CE00198851 /* DescriptionBulletSectionView.swift */,
			);
			path = DescriptionBullet;
			sourceTree = "<group>";
		};
		8F7D4A3827D2603300198851 /* Recommendations */ = {
			isa = PBXGroup;
			children = (
				8F7D4A3D27D2606100198851 /* RecommendationCell.swift */,
				8F7D4A3927D2604100198851 /* RecommendationsSectionView.swift */,
				8F7D4A3B27D2604900198851 /* RecommendationsSection.swift */,
			);
			path = Recommendations;
			sourceTree = "<group>";
		};
		8F7D4A4127D286D800198851 /* Extensions */ = {
			isa = PBXGroup;
			children = (
				8F7D4A4227D286E100198851 /* UIFont+Extensions.swift */,
				8F7D4A4B27D28DEC00198851 /* UIColor+Extensions.swift */,
				8F7D4A5727D652F300198851 /* Double+Extension.swift */,
			);
			path = Extensions;
			sourceTree = "<group>";
		};
		8F7D4A5227D6279400198851 /* VerticalGallery */ = {
			isa = PBXGroup;
			children = (
				8F7D4A5327D6279E00198851 /* VerticalGallerySection.swift */,
				8F7D4A5527D627A400198851 /* VerticalGallerySectionView.swift */,
			);
			path = VerticalGallery;
			sourceTree = "<group>";
		};
		8FF0AEA227BEEDE7003DAB1B = {
			isa = PBXGroup;
			children = (
				8FF0AEAD27BEEDE7003DAB1B /* JKListKitExampleApp */,
				8FF2806727CFBC4D00A8EA4B /* JKListKit */,
				8FF0AEAC27BEEDE7003DAB1B /* Products */,
				8FF2806827CFBEF200A8EA4B /* Frameworks */,
			);
			sourceTree = "<group>";
		};
		8FF0AEAC27BEEDE7003DAB1B /* Products */ = {
			isa = PBXGroup;
			children = (
				8FF0AEAB27BEEDE7003DAB1B /* JKListKitExampleApp.app */,
				8FF0AEC127BEEDE8003DAB1B /* JKListKitExampleAppTests.xctest */,
				8FF0AECB27BEEDE8003DAB1B /* JKListKitExampleAppUITests.xctest */,
				8FF2805227CFBAA600A8EA4B /* JKListKitTests.xctest */,
			);
			name = Products;
			sourceTree = "<group>";
		};
		8FF0AEAD27BEEDE7003DAB1B /* JKListKitExampleApp */ = {
			isa = PBXGroup;
			children = (
				8F7D4A4927D28C3D00198851 /* TenorSans-Regular.ttf */,
				8F7D4A4127D286D800198851 /* Extensions */,
				8FF2806B27CFCC1600A8EA4B /* Examples */,
				8FFA17E027C4E91000210D5D /* TestApp */,
				8FF0AEAE27BEEDE7003DAB1B /* AppDelegate.swift */,
				8FF0AEB027BEEDE7003DAB1B /* SceneDelegate.swift */,
				8FF0AEB427BEEDE7003DAB1B /* Main.storyboard */,
				8FF0AEB727BEEDE8003DAB1B /* Assets.xcassets */,
				8FF0AEBC27BEEDE8003DAB1B /* Info.plist */,
				8FF2806E27CFCE6000A8EA4B /* CasesViewController.swift */,
			);
			path = JKListKitExampleApp;
			sourceTree = "<group>";
		};
		8FF2806827CFBEF200A8EA4B /* Frameworks */ = {
			isa = PBXGroup;
			children = (
			);
			name = Frameworks;
			sourceTree = "<group>";
		};
		8FF2806B27CFCC1600A8EA4B /* Examples */ = {
			isa = PBXGroup;
			children = (
				8F7D4A1D27D11CED00198851 /* CommerceExample */,
				8FF2806C27CFCC2600A8EA4B /* BasicExample */,
				8FF2807027CFCFBE00A8EA4B /* Example.swift */,
				8FFA17E127C4E97500210D5D /* SectionConstants.swift */,
				8FF2807227CFCFD500A8EA4B /* ExampleFactory.swift */,
			);
			path = Examples;
			sourceTree = "<group>";
		};
		8FF2806C27CFCC2600A8EA4B /* BasicExample */ = {
			isa = PBXGroup;
			children = (
				8FF2807427CFD2CD00A8EA4B /* Sections */,
				8FFA17E727C4F76600210D5D /* BasicExamplePresenter.swift */,
				8FF0AEB227BEEDE7003DAB1B /* BasicExampleViewController.swift */,
			);
			path = BasicExample;
			sourceTree = "<group>";
		};
		8FF2807427CFD2CD00A8EA4B /* Sections */ = {
			isa = PBXGroup;
			children = (
				8FF0AEE827BF03E7003DAB1B /* ExampleSectionView.swift */,
				8FF0AEF127BF14AA003DAB1B /* ExampleSection.swift */,
			);
			path = Sections;
			sourceTree = "<group>";
		};
		8FFA17E027C4E91000210D5D /* TestApp */ = {
			isa = PBXGroup;
			children = (
			);
			path = TestApp;
			sourceTree = "<group>";
		};
/* End PBXGroup section */

/* Begin PBXNativeTarget section */
		8FF0AEAA27BEEDE7003DAB1B /* JKListKitExampleApp */ = {
			isa = PBXNativeTarget;
			buildConfigurationList = 8FF0AED527BEEDE8003DAB1B /* Build configuration list for PBXNativeTarget "JKListKitExampleApp" */;
			buildPhases = (
				8FF0AEA727BEEDE7003DAB1B /* Sources */,
				8FF0AEA827BEEDE7003DAB1B /* Frameworks */,
				8FF0AEA927BEEDE7003DAB1B /* Resources */,
			);
			buildRules = (
			);
			dependencies = (
			);
			name = JKListKitExampleApp;
			packageProductDependencies = (
				8FF2806927CFBEF200A8EA4B /* JKListKit */,
			);
			productName = JKListKit;
			productReference = 8FF0AEAB27BEEDE7003DAB1B /* JKListKitExampleApp.app */;
			productType = "com.apple.product-type.application";
		};
		8FF0AEC027BEEDE8003DAB1B /* JKListKitExampleAppTests */ = {
			isa = PBXNativeTarget;
			buildConfigurationList = 8FF0AED827BEEDE8003DAB1B /* Build configuration list for PBXNativeTarget "JKListKitExampleAppTests" */;
			buildPhases = (
				8FF0AEBD27BEEDE8003DAB1B /* Sources */,
				8FF0AEBE27BEEDE8003DAB1B /* Frameworks */,
				8FF0AEBF27BEEDE8003DAB1B /* Resources */,
			);
			buildRules = (
			);
			dependencies = (
				8FF0AEC327BEEDE8003DAB1B /* PBXTargetDependency */,
			);
			name = JKListKitExampleAppTests;
			productName = JKListKitTests;
			productReference = 8FF0AEC127BEEDE8003DAB1B /* JKListKitExampleAppTests.xctest */;
			productType = "com.apple.product-type.bundle.unit-test";
		};
		8FF0AECA27BEEDE8003DAB1B /* JKListKitExampleAppUITests */ = {
			isa = PBXNativeTarget;
			buildConfigurationList = 8FF0AEDB27BEEDE8003DAB1B /* Build configuration list for PBXNativeTarget "JKListKitExampleAppUITests" */;
			buildPhases = (
				8FF0AEC727BEEDE8003DAB1B /* Sources */,
				8FF0AEC827BEEDE8003DAB1B /* Frameworks */,
				8FF0AEC927BEEDE8003DAB1B /* Resources */,
			);
			buildRules = (
			);
			dependencies = (
				8FF0AECD27BEEDE8003DAB1B /* PBXTargetDependency */,
			);
			name = JKListKitExampleAppUITests;
			productName = JKListKitUITests;
			productReference = 8FF0AECB27BEEDE8003DAB1B /* JKListKitExampleAppUITests.xctest */;
			productType = "com.apple.product-type.bundle.ui-testing";
		};
		8FF2805127CFBAA600A8EA4B /* JKListKitTests */ = {
			isa = PBXNativeTarget;
			buildConfigurationList = 8FF2806627CFBAA600A8EA4B /* Build configuration list for PBXNativeTarget "JKListKitTests" */;
			buildPhases = (
				8FF2804E27CFBAA600A8EA4B /* Sources */,
				8FF2804F27CFBAA600A8EA4B /* Frameworks */,
				8FF2805027CFBAA600A8EA4B /* Resources */,
			);
			buildRules = (
			);
			dependencies = (
				8FF2805727CFBAA600A8EA4B /* PBXTargetDependency */,
			);
			name = JKListKitTests;
			productName = JKListKitTests;
			productReference = 8FF2805227CFBAA600A8EA4B /* JKListKitTests.xctest */;
			productType = "com.apple.product-type.bundle.unit-test";
		};
/* End PBXNativeTarget section */

/* Begin PBXProject section */
		8FF0AEA327BEEDE7003DAB1B /* Project object */ = {
			isa = PBXProject;
			attributes = {
				BuildIndependentTargetsInParallel = 1;
				LastSwiftUpdateCheck = 1320;
				LastUpgradeCheck = 1320;
				TargetAttributes = {
					8FF0AEAA27BEEDE7003DAB1B = {
						CreatedOnToolsVersion = 13.2.1;
					};
					8FF0AEC027BEEDE8003DAB1B = {
						CreatedOnToolsVersion = 13.2.1;
						TestTargetID = 8FF0AEAA27BEEDE7003DAB1B;
					};
					8FF0AECA27BEEDE8003DAB1B = {
						CreatedOnToolsVersion = 13.2.1;
						TestTargetID = 8FF0AEAA27BEEDE7003DAB1B;
					};
					8FF2805127CFBAA600A8EA4B = {
						CreatedOnToolsVersion = 13.2.1;
						TestTargetID = 8FF0AEAA27BEEDE7003DAB1B;
					};
				};
			};
			buildConfigurationList = 8FF0AEA627BEEDE7003DAB1B /* Build configuration list for PBXProject "JKListKitExampleApp" */;
			compatibilityVersion = "Xcode 13.0";
			developmentRegion = en;
			hasScannedForEncodings = 0;
			knownRegions = (
				en,
				Base,
			);
			mainGroup = 8FF0AEA227BEEDE7003DAB1B;
			productRefGroup = 8FF0AEAC27BEEDE7003DAB1B /* Products */;
			projectDirPath = "";
			projectRoot = "";
			targets = (
				8FF0AEAA27BEEDE7003DAB1B /* JKListKitExampleApp */,
				8FF0AEC027BEEDE8003DAB1B /* JKListKitExampleAppTests */,
				8FF0AECA27BEEDE8003DAB1B /* JKListKitExampleAppUITests */,
				8FF2805127CFBAA600A8EA4B /* JKListKitTests */,
			);
		};
/* End PBXProject section */

/* Begin PBXResourcesBuildPhase section */
		8FF0AEA927BEEDE7003DAB1B /* Resources */ = {
			isa = PBXResourcesBuildPhase;
			buildActionMask = 2147483647;
			files = (
				8F7D4A4A27D28C6200198851 /* TenorSans-Regular.ttf in Resources */,
				8FF0AEB827BEEDE8003DAB1B /* Assets.xcassets in Resources */,
				8FF0AEB627BEEDE7003DAB1B /* Main.storyboard in Resources */,
			);
			runOnlyForDeploymentPostprocessing = 0;
		};
		8FF0AEBF27BEEDE8003DAB1B /* Resources */ = {
			isa = PBXResourcesBuildPhase;
			buildActionMask = 2147483647;
			files = (
			);
			runOnlyForDeploymentPostprocessing = 0;
		};
		8FF0AEC927BEEDE8003DAB1B /* Resources */ = {
			isa = PBXResourcesBuildPhase;
			buildActionMask = 2147483647;
			files = (
			);
			runOnlyForDeploymentPostprocessing = 0;
		};
		8FF2805027CFBAA600A8EA4B /* Resources */ = {
			isa = PBXResourcesBuildPhase;
			buildActionMask = 2147483647;
			files = (
			);
			runOnlyForDeploymentPostprocessing = 0;
		};
/* End PBXResourcesBuildPhase section */

/* Begin PBXSourcesBuildPhase section */
		8FF0AEA727BEEDE7003DAB1B /* Sources */ = {
			isa = PBXSourcesBuildPhase;
			buildActionMask = 2147483647;
			files = (
				8F7D4A2C27D1449E00198851 /* ShortDescriptionSectionView.swift in Sources */,
				8F7D4A2A27D1449900198851 /* ShortDescriptionSection.swift in Sources */,
				8FF0AEF227BF14AA003DAB1B /* ExampleSection.swift in Sources */,
				8F7D4A4C27D28DEC00198851 /* UIColor+Extensions.swift in Sources */,
				8F7D4A2027D137BD00198851 /* CommerceViewController.swift in Sources */,
				8FF0AEB327BEEDE7003DAB1B /* BasicExampleViewController.swift in Sources */,
				8F7D4A3627D168CE00198851 /* DescriptionBulletSectionView.swift in Sources */,
				8FF2807327CFCFD500A8EA4B /* ExampleFactory.swift in Sources */,
				8FF2806F27CFCE6000A8EA4B /* CasesViewController.swift in Sources */,
				8FFA17E227C4E97500210D5D /* SectionConstants.swift in Sources */,
				8FF0AEAF27BEEDE7003DAB1B /* AppDelegate.swift in Sources */,
				8F7D4A3427D168C500198851 /* DescriptionBulletSection.swift in Sources */,
				8F7D4A2727D13AED00198851 /* GallerySectionView.swift in Sources */,
				8FFA17E827C4F76600210D5D /* BasicExamplePresenter.swift in Sources */,
				8F7D4A4327D286E100198851 /* UIFont+Extensions.swift in Sources */,
				8F7D4A3A27D2604100198851 /* RecommendationsSectionView.swift in Sources */,
				8F7D4A3E27D2606100198851 /* RecommendationCell.swift in Sources */,
				8F7D4A2527D1386100198851 /* GallerySection.swift in Sources */,
				8F7D4A5627D627A400198851 /* VerticalGallerySectionView.swift in Sources */,
				8FF2807127CFCFBE00A8EA4B /* Example.swift in Sources */,
				8F7D4A2F27D15E4D00198851 /* MainActionsSection.swift in Sources */,
				8F7D4A2227D137C900198851 /* CommercePresenter.swift in Sources */,
				8F7D4A5427D6279E00198851 /* VerticalGallerySection.swift in Sources */,
				8F7D4A3C27D2604900198851 /* RecommendationsSection.swift in Sources */,
				8F7D4A5827D652F300198851 /* Double+Extension.swift in Sources */,
				8FF0AEE927BF03E7003DAB1B /* ExampleSectionView.swift in Sources */,
				8FF0AEB127BEEDE7003DAB1B /* SceneDelegate.swift in Sources */,
				8F7D4A4027D26A3400198851 /* CommerceRepository.swift in Sources */,
				8F7D4A3127D15E5900198851 /* MainActionsSectionView.swift in Sources */,
			);
			runOnlyForDeploymentPostprocessing = 0;
		};
		8FF0AEBD27BEEDE8003DAB1B /* Sources */ = {
			isa = PBXSourcesBuildPhase;
			buildActionMask = 2147483647;
			files = (
			);
			runOnlyForDeploymentPostprocessing = 0;
		};
		8FF0AEC727BEEDE8003DAB1B /* Sources */ = {
			isa = PBXSourcesBuildPhase;
			buildActionMask = 2147483647;
			files = (
			);
			runOnlyForDeploymentPostprocessing = 0;
		};
		8FF2804E27CFBAA600A8EA4B /* Sources */ = {
			isa = PBXSourcesBuildPhase;
			buildActionMask = 2147483647;
			files = (
			);
			runOnlyForDeploymentPostprocessing = 0;
		};
/* End PBXSourcesBuildPhase section */

/* Begin PBXTargetDependency section */
		8FF0AEC327BEEDE8003DAB1B /* PBXTargetDependency */ = {
			isa = PBXTargetDependency;
			target = 8FF0AEAA27BEEDE7003DAB1B /* JKListKitExampleApp */;
			targetProxy = 8FF0AEC227BEEDE8003DAB1B /* PBXContainerItemProxy */;
		};
		8FF0AECD27BEEDE8003DAB1B /* PBXTargetDependency */ = {
			isa = PBXTargetDependency;
			target = 8FF0AEAA27BEEDE7003DAB1B /* JKListKitExampleApp */;
			targetProxy = 8FF0AECC27BEEDE8003DAB1B /* PBXContainerItemProxy */;
		};
		8FF2805727CFBAA600A8EA4B /* PBXTargetDependency */ = {
			isa = PBXTargetDependency;
			target = 8FF0AEAA27BEEDE7003DAB1B /* JKListKitExampleApp */;
			targetProxy = 8FF2805627CFBAA600A8EA4B /* PBXContainerItemProxy */;
		};
/* End PBXTargetDependency section */

/* Begin PBXVariantGroup section */
		8FF0AEB427BEEDE7003DAB1B /* Main.storyboard */ = {
			isa = PBXVariantGroup;
			children = (
				8FF0AEB527BEEDE7003DAB1B /* Base */,
			);
			name = Main.storyboard;
			sourceTree = "<group>";
		};
/* End PBXVariantGroup section */

/* Begin XCBuildConfiguration section */
		8FF0AED327BEEDE8003DAB1B /* Debug */ = {
			isa = XCBuildConfiguration;
			buildSettings = {
				ALWAYS_SEARCH_USER_PATHS = NO;
				CLANG_ANALYZER_NONNULL = YES;
				CLANG_ANALYZER_NUMBER_OBJECT_CONVERSION = YES_AGGRESSIVE;
				CLANG_CXX_LANGUAGE_STANDARD = "gnu++17";
				CLANG_CXX_LIBRARY = "libc++";
				CLANG_ENABLE_MODULES = YES;
				CLANG_ENABLE_OBJC_ARC = YES;
				CLANG_ENABLE_OBJC_WEAK = YES;
				CLANG_WARN_BLOCK_CAPTURE_AUTORELEASING = YES;
				CLANG_WARN_BOOL_CONVERSION = YES;
				CLANG_WARN_COMMA = YES;
				CLANG_WARN_CONSTANT_CONVERSION = YES;
				CLANG_WARN_DEPRECATED_OBJC_IMPLEMENTATIONS = YES;
				CLANG_WARN_DIRECT_OBJC_ISA_USAGE = YES_ERROR;
				CLANG_WARN_DOCUMENTATION_COMMENTS = YES;
				CLANG_WARN_EMPTY_BODY = YES;
				CLANG_WARN_ENUM_CONVERSION = YES;
				CLANG_WARN_INFINITE_RECURSION = YES;
				CLANG_WARN_INT_CONVERSION = YES;
				CLANG_WARN_NON_LITERAL_NULL_CONVERSION = YES;
				CLANG_WARN_OBJC_IMPLICIT_RETAIN_SELF = YES;
				CLANG_WARN_OBJC_LITERAL_CONVERSION = YES;
				CLANG_WARN_OBJC_ROOT_CLASS = YES_ERROR;
				CLANG_WARN_QUOTED_INCLUDE_IN_FRAMEWORK_HEADER = YES;
				CLANG_WARN_RANGE_LOOP_ANALYSIS = YES;
				CLANG_WARN_STRICT_PROTOTYPES = YES;
				CLANG_WARN_SUSPICIOUS_MOVE = YES;
				CLANG_WARN_UNGUARDED_AVAILABILITY = YES_AGGRESSIVE;
				CLANG_WARN_UNREACHABLE_CODE = YES;
				CLANG_WARN__DUPLICATE_METHOD_MATCH = YES;
				COPY_PHASE_STRIP = NO;
				DEBUG_INFORMATION_FORMAT = dwarf;
				ENABLE_STRICT_OBJC_MSGSEND = YES;
				ENABLE_TESTABILITY = YES;
				GCC_C_LANGUAGE_STANDARD = gnu11;
				GCC_DYNAMIC_NO_PIC = NO;
				GCC_NO_COMMON_BLOCKS = YES;
				GCC_OPTIMIZATION_LEVEL = 0;
				GCC_PREPROCESSOR_DEFINITIONS = (
					"DEBUG=1",
					"$(inherited)",
				);
				GCC_WARN_64_TO_32_BIT_CONVERSION = YES;
				GCC_WARN_ABOUT_RETURN_TYPE = YES_ERROR;
				GCC_WARN_UNDECLARED_SELECTOR = YES;
				GCC_WARN_UNINITIALIZED_AUTOS = YES_AGGRESSIVE;
				GCC_WARN_UNUSED_FUNCTION = YES;
				GCC_WARN_UNUSED_VARIABLE = YES;
				IPHONEOS_DEPLOYMENT_TARGET = 14.0;
				MTL_ENABLE_DEBUG_INFO = INCLUDE_SOURCE;
				MTL_FAST_MATH = YES;
				ONLY_ACTIVE_ARCH = YES;
				SDKROOT = iphoneos;
				SWIFT_ACTIVE_COMPILATION_CONDITIONS = DEBUG;
				SWIFT_OPTIMIZATION_LEVEL = "-Onone";
			};
			name = Debug;
		};
		8FF0AED427BEEDE8003DAB1B /* Release */ = {
			isa = XCBuildConfiguration;
			buildSettings = {
				ALWAYS_SEARCH_USER_PATHS = NO;
				CLANG_ANALYZER_NONNULL = YES;
				CLANG_ANALYZER_NUMBER_OBJECT_CONVERSION = YES_AGGRESSIVE;
				CLANG_CXX_LANGUAGE_STANDARD = "gnu++17";
				CLANG_CXX_LIBRARY = "libc++";
				CLANG_ENABLE_MODULES = YES;
				CLANG_ENABLE_OBJC_ARC = YES;
				CLANG_ENABLE_OBJC_WEAK = YES;
				CLANG_WARN_BLOCK_CAPTURE_AUTORELEASING = YES;
				CLANG_WARN_BOOL_CONVERSION = YES;
				CLANG_WARN_COMMA = YES;
				CLANG_WARN_CONSTANT_CONVERSION = YES;
				CLANG_WARN_DEPRECATED_OBJC_IMPLEMENTATIONS = YES;
				CLANG_WARN_DIRECT_OBJC_ISA_USAGE = YES_ERROR;
				CLANG_WARN_DOCUMENTATION_COMMENTS = YES;
				CLANG_WARN_EMPTY_BODY = YES;
				CLANG_WARN_ENUM_CONVERSION = YES;
				CLANG_WARN_INFINITE_RECURSION = YES;
				CLANG_WARN_INT_CONVERSION = YES;
				CLANG_WARN_NON_LITERAL_NULL_CONVERSION = YES;
				CLANG_WARN_OBJC_IMPLICIT_RETAIN_SELF = YES;
				CLANG_WARN_OBJC_LITERAL_CONVERSION = YES;
				CLANG_WARN_OBJC_ROOT_CLASS = YES_ERROR;
				CLANG_WARN_QUOTED_INCLUDE_IN_FRAMEWORK_HEADER = YES;
				CLANG_WARN_RANGE_LOOP_ANALYSIS = YES;
				CLANG_WARN_STRICT_PROTOTYPES = YES;
				CLANG_WARN_SUSPICIOUS_MOVE = YES;
				CLANG_WARN_UNGUARDED_AVAILABILITY = YES_AGGRESSIVE;
				CLANG_WARN_UNREACHABLE_CODE = YES;
				CLANG_WARN__DUPLICATE_METHOD_MATCH = YES;
				COPY_PHASE_STRIP = NO;
				DEBUG_INFORMATION_FORMAT = "dwarf-with-dsym";
				ENABLE_NS_ASSERTIONS = NO;
				ENABLE_STRICT_OBJC_MSGSEND = YES;
				GCC_C_LANGUAGE_STANDARD = gnu11;
				GCC_NO_COMMON_BLOCKS = YES;
				GCC_WARN_64_TO_32_BIT_CONVERSION = YES;
				GCC_WARN_ABOUT_RETURN_TYPE = YES_ERROR;
				GCC_WARN_UNDECLARED_SELECTOR = YES;
				GCC_WARN_UNINITIALIZED_AUTOS = YES_AGGRESSIVE;
				GCC_WARN_UNUSED_FUNCTION = YES;
				GCC_WARN_UNUSED_VARIABLE = YES;
				IPHONEOS_DEPLOYMENT_TARGET = 14.0;
				MTL_ENABLE_DEBUG_INFO = NO;
				MTL_FAST_MATH = YES;
				SDKROOT = iphoneos;
				SWIFT_COMPILATION_MODE = wholemodule;
				SWIFT_OPTIMIZATION_LEVEL = "-O";
				VALIDATE_PRODUCT = YES;
			};
			name = Release;
		};
		8FF0AED627BEEDE8003DAB1B /* Debug */ = {
			isa = XCBuildConfiguration;
			buildSettings = {
				ASSETCATALOG_COMPILER_APPICON_NAME = AppIcon;
				ASSETCATALOG_COMPILER_GLOBAL_ACCENT_COLOR_NAME = AccentColor;
				CODE_SIGN_STYLE = Automatic;
				CURRENT_PROJECT_VERSION = 1;
				DEVELOPMENT_TEAM = WLKF7773X4;
				GENERATE_INFOPLIST_FILE = YES;
				INFOPLIST_FILE = JKListKitExampleApp/Info.plist;
				INFOPLIST_KEY_UIApplicationSupportsIndirectInputEvents = YES;
				INFOPLIST_KEY_UIMainStoryboardFile = Main;
				INFOPLIST_KEY_UISupportedInterfaceOrientations_iPad = "UIInterfaceOrientationPortrait UIInterfaceOrientationPortraitUpsideDown UIInterfaceOrientationLandscapeLeft UIInterfaceOrientationLandscapeRight";
				INFOPLIST_KEY_UISupportedInterfaceOrientations_iPhone = "UIInterfaceOrientationPortrait UIInterfaceOrientationLandscapeLeft UIInterfaceOrientationLandscapeRight";
				INFOPLIST_KEY_UIUserInterfaceStyle = Light;
				LD_RUNPATH_SEARCH_PATHS = (
					"$(inherited)",
					"@executable_path/Frameworks",
				);
				MARKETING_VERSION = 1.0;
				PRODUCT_BUNDLE_IDENTIFIER = com.javff.JKListKit;
				PRODUCT_NAME = "$(TARGET_NAME)";
				SWIFT_EMIT_LOC_STRINGS = YES;
				SWIFT_VERSION = 5.0;
				TARGETED_DEVICE_FAMILY = "1,2";
			};
			name = Debug;
		};
		8FF0AED727BEEDE8003DAB1B /* Release */ = {
			isa = XCBuildConfiguration;
			buildSettings = {
				ASSETCATALOG_COMPILER_APPICON_NAME = AppIcon;
				ASSETCATALOG_COMPILER_GLOBAL_ACCENT_COLOR_NAME = AccentColor;
				CODE_SIGN_STYLE = Automatic;
				CURRENT_PROJECT_VERSION = 1;
				DEVELOPMENT_TEAM = WLKF7773X4;
				GENERATE_INFOPLIST_FILE = YES;
				INFOPLIST_FILE = JKListKitExampleApp/Info.plist;
				INFOPLIST_KEY_UIApplicationSupportsIndirectInputEvents = YES;
				INFOPLIST_KEY_UIMainStoryboardFile = Main;
				INFOPLIST_KEY_UISupportedInterfaceOrientations_iPad = "UIInterfaceOrientationPortrait UIInterfaceOrientationPortraitUpsideDown UIInterfaceOrientationLandscapeLeft UIInterfaceOrientationLandscapeRight";
				INFOPLIST_KEY_UISupportedInterfaceOrientations_iPhone = "UIInterfaceOrientationPortrait UIInterfaceOrientationLandscapeLeft UIInterfaceOrientationLandscapeRight";
				INFOPLIST_KEY_UIUserInterfaceStyle = Light;
				LD_RUNPATH_SEARCH_PATHS = (
					"$(inherited)",
					"@executable_path/Frameworks",
				);
				MARKETING_VERSION = 1.0;
				PRODUCT_BUNDLE_IDENTIFIER = com.javff.JKListKit;
				PRODUCT_NAME = "$(TARGET_NAME)";
				SWIFT_EMIT_LOC_STRINGS = YES;
				SWIFT_VERSION = 5.0;
				TARGETED_DEVICE_FAMILY = "1,2";
			};
			name = Release;
		};
		8FF0AED927BEEDE8003DAB1B /* Debug */ = {
			isa = XCBuildConfiguration;
			buildSettings = {
				ALWAYS_EMBED_SWIFT_STANDARD_LIBRARIES = YES;
				BUNDLE_LOADER = "$(TEST_HOST)";
				CODE_SIGN_STYLE = Automatic;
				CURRENT_PROJECT_VERSION = 1;
				GENERATE_INFOPLIST_FILE = YES;
				IPHONEOS_DEPLOYMENT_TARGET = 15.2;
				MARKETING_VERSION = 1.0;
				PRODUCT_BUNDLE_IDENTIFIER = com.javff.JKListKitTests;
				PRODUCT_NAME = "$(TARGET_NAME)";
				SWIFT_EMIT_LOC_STRINGS = NO;
				SWIFT_VERSION = 5.0;
				TARGETED_DEVICE_FAMILY = "1,2";
				TEST_HOST = "$(BUILT_PRODUCTS_DIR)/JKListKitExampleApp.app/JKListKitExampleApp";
			};
			name = Debug;
		};
		8FF0AEDA27BEEDE8003DAB1B /* Release */ = {
			isa = XCBuildConfiguration;
			buildSettings = {
				ALWAYS_EMBED_SWIFT_STANDARD_LIBRARIES = YES;
				BUNDLE_LOADER = "$(TEST_HOST)";
				CODE_SIGN_STYLE = Automatic;
				CURRENT_PROJECT_VERSION = 1;
				GENERATE_INFOPLIST_FILE = YES;
				IPHONEOS_DEPLOYMENT_TARGET = 15.2;
				MARKETING_VERSION = 1.0;
				PRODUCT_BUNDLE_IDENTIFIER = com.javff.JKListKitTests;
				PRODUCT_NAME = "$(TARGET_NAME)";
				SWIFT_EMIT_LOC_STRINGS = NO;
				SWIFT_VERSION = 5.0;
				TARGETED_DEVICE_FAMILY = "1,2";
				TEST_HOST = "$(BUILT_PRODUCTS_DIR)/JKListKitExampleApp.app/JKListKitExampleApp";
			};
			name = Release;
		};
		8FF0AEDC27BEEDE8003DAB1B /* Debug */ = {
			isa = XCBuildConfiguration;
			buildSettings = {
				ALWAYS_EMBED_SWIFT_STANDARD_LIBRARIES = YES;
				CODE_SIGN_STYLE = Automatic;
				CURRENT_PROJECT_VERSION = 1;
				GENERATE_INFOPLIST_FILE = YES;
				MARKETING_VERSION = 1.0;
				PRODUCT_BUNDLE_IDENTIFIER = com.javff.JKListKitUITests;
				PRODUCT_NAME = "$(TARGET_NAME)";
				SWIFT_EMIT_LOC_STRINGS = NO;
				SWIFT_VERSION = 5.0;
				TARGETED_DEVICE_FAMILY = "1,2";
				TEST_TARGET_NAME = JKListKit;
			};
			name = Debug;
		};
		8FF0AEDD27BEEDE8003DAB1B /* Release */ = {
			isa = XCBuildConfiguration;
			buildSettings = {
				ALWAYS_EMBED_SWIFT_STANDARD_LIBRARIES = YES;
				CODE_SIGN_STYLE = Automatic;
				CURRENT_PROJECT_VERSION = 1;
				GENERATE_INFOPLIST_FILE = YES;
				MARKETING_VERSION = 1.0;
				PRODUCT_BUNDLE_IDENTIFIER = com.javff.JKListKitUITests;
				PRODUCT_NAME = "$(TARGET_NAME)";
				SWIFT_EMIT_LOC_STRINGS = NO;
				SWIFT_VERSION = 5.0;
				TARGETED_DEVICE_FAMILY = "1,2";
				TEST_TARGET_NAME = JKListKit;
			};
			name = Release;
		};
		8FF2806327CFBAA600A8EA4B /* Debug */ = {
			isa = XCBuildConfiguration;
			buildSettings = {
				ALWAYS_EMBED_SWIFT_STANDARD_LIBRARIES = YES;
				CODE_SIGN_STYLE = Automatic;
				CURRENT_PROJECT_VERSION = 1;
				GENERATE_INFOPLIST_FILE = YES;
				MARKETING_VERSION = 1.0;
				PRODUCT_BUNDLE_IDENTIFIER = com.javff.JKListKitTests;
				PRODUCT_NAME = "$(TARGET_NAME)";
				SWIFT_EMIT_LOC_STRINGS = NO;
				SWIFT_VERSION = 5.0;
				TARGETED_DEVICE_FAMILY = "1,2";
				TEST_HOST = "$(BUILT_PRODUCTS_DIR)/JKListKitExampleApp.app/JKListKitExampleApp";
			};
			name = Debug;
		};
		8FF2806427CFBAA600A8EA4B /* Release */ = {
			isa = XCBuildConfiguration;
			buildSettings = {
				ALWAYS_EMBED_SWIFT_STANDARD_LIBRARIES = YES;
				CODE_SIGN_STYLE = Automatic;
				CURRENT_PROJECT_VERSION = 1;
				GENERATE_INFOPLIST_FILE = YES;
				MARKETING_VERSION = 1.0;
				PRODUCT_BUNDLE_IDENTIFIER = com.javff.JKListKitTests;
				PRODUCT_NAME = "$(TARGET_NAME)";
				SWIFT_EMIT_LOC_STRINGS = NO;
				SWIFT_VERSION = 5.0;
				TARGETED_DEVICE_FAMILY = "1,2";
				TEST_HOST = "$(BUILT_PRODUCTS_DIR)/JKListKitExampleApp.app/JKListKitExampleApp";
			};
			name = Release;
		};
/* End XCBuildConfiguration section */

/* Begin XCConfigurationList section */
		8FF0AEA627BEEDE7003DAB1B /* Build configuration list for PBXProject "JKListKitExampleApp" */ = {
			isa = XCConfigurationList;
			buildConfigurations = (
				8FF0AED327BEEDE8003DAB1B /* Debug */,
				8FF0AED427BEEDE8003DAB1B /* Release */,
			);
			defaultConfigurationIsVisible = 0;
			defaultConfigurationName = Release;
		};
		8FF0AED527BEEDE8003DAB1B /* Build configuration list for PBXNativeTarget "JKListKitExampleApp" */ = {
			isa = XCConfigurationList;
			buildConfigurations = (
				8FF0AED627BEEDE8003DAB1B /* Debug */,
				8FF0AED727BEEDE8003DAB1B /* Release */,
			);
			defaultConfigurationIsVisible = 0;
			defaultConfigurationName = Release;
		};
		8FF0AED827BEEDE8003DAB1B /* Build configuration list for PBXNativeTarget "JKListKitExampleAppTests" */ = {
			isa = XCConfigurationList;
			buildConfigurations = (
				8FF0AED927BEEDE8003DAB1B /* Debug */,
				8FF0AEDA27BEEDE8003DAB1B /* Release */,
			);
			defaultConfigurationIsVisible = 0;
			defaultConfigurationName = Release;
		};
		8FF0AEDB27BEEDE8003DAB1B /* Build configuration list for PBXNativeTarget "JKListKitExampleAppUITests" */ = {
			isa = XCConfigurationList;
			buildConfigurations = (
				8FF0AEDC27BEEDE8003DAB1B /* Debug */,
				8FF0AEDD27BEEDE8003DAB1B /* Release */,
			);
			defaultConfigurationIsVisible = 0;
			defaultConfigurationName = Release;
		};
		8FF2806627CFBAA600A8EA4B /* Build configuration list for PBXNativeTarget "JKListKitTests" */ = {
			isa = XCConfigurationList;
			buildConfigurations = (
				8FF2806327CFBAA600A8EA4B /* Debug */,
				8FF2806427CFBAA600A8EA4B /* Release */,
			);
			defaultConfigurationIsVisible = 0;
			defaultConfigurationName = Release;
		};
/* End XCConfigurationList section */

/* Begin XCSwiftPackageProductDependency section */
		8FF2806927CFBEF200A8EA4B /* JKListKit */ = {
			isa = XCSwiftPackageProductDependency;
			productName = JKListKit;
		};
/* End XCSwiftPackageProductDependency section */
	};
	rootObject = 8FF0AEA327BEEDE7003DAB1B /* Project object */;
}
